
Microsoft Visual Studio Solution File, Format Version 12.00
# Visual Studio Version 17
VisualStudioVersion = 17.14.36202.13 d17.14
MinimumVisualStudioVersion = 10.0.40219.1
Project("{FAE04EC0-301F-11D3-BF4B-00C04F79EFBC}") = "EnglishApp", "EnglishApp.csproj", "{439D9A26-1996-4CF1-AB74-E8E559BFCA4A}"
EndProject
Global
	GlobalSection(SolutionConfigurationPlatforms) = preSolution
		Debug|Any CPU = Debug|Any CPU
		Release|Any CPU = Release|Any CPU
	EndGlobalSection
	GlobalSection(ProjectConfigurationPlatforms) = postSolution
		{439D9A26-1996-4CF1-AB74-E8E559BFCA4A}.Debug|Any CPU.ActiveCfg = Debug|Any CPU
		{439D9A26-1996-4CF1-AB74-E8E559BFCA4A}.Debug|Any CPU.Build.0 = Debug|Any CPU
		{439D9A26-1996-4CF1-AB74-E8E559BFCA4A}.Release|Any CPU.ActiveCfg = Release|Any CPU
		{439D9A26-1996-4CF1-AB74-E8E559BFCA4A}.Release|Any CPU.Build.0 = Release|Any CPU
	EndGlobalSection
	GlobalSection(SolutionProperties) = preSolution
		HideSolutionNode = FALSE
	EndGlobalSection
	GlobalSection(ExtensibilityGlobals) = postSolution
		SolutionGuid = {3E238A5D-EE40-4F1F-AF1D-7808FCD1E151}
	EndGlobalSection
EndGlobal
